// !$*UTF8*$!
{
	archiveVersion = 1;
	classes = {
	};
	objectVersion = 46;
	objects = {

/* Begin PBXBuildFile section */
		0C6C1E5115363D2A00F9ECF9 /* UIView_BattleField.m in Sources */ = {isa = PBXBuildFile; fileRef = 0C6C1E5015363D2A00F9ECF9 /* UIView_BattleField.m */; };
		0C70400C1532365B00B7F91F /* TapDetectingImageView.m in Sources */ = {isa = PBXBuildFile; fileRef = 0C70400B1532365B00B7F91F /* TapDetectingImageView.m */; };
		0C7131B2152E2C8F0001BFEF /* UIKit.framework in Frameworks */ = {isa = PBXBuildFile; fileRef = 0C7131B1152E2C8F0001BFEF /* UIKit.framework */; };
		0C7131B4152E2C8F0001BFEF /* Foundation.framework in Frameworks */ = {isa = PBXBuildFile; fileRef = 0C7131B3152E2C8F0001BFEF /* Foundation.framework */; };
		0C7131B6152E2C8F0001BFEF /* CoreGraphics.framework in Frameworks */ = {isa = PBXBuildFile; fileRef = 0C7131B5152E2C8F0001BFEF /* CoreGraphics.framework */; };
		0C7131BC152E2C8F0001BFEF /* InfoPlist.strings in Resources */ = {isa = PBXBuildFile; fileRef = 0C7131BA152E2C8F0001BFEF /* InfoPlist.strings */; };
		0C7131BE152E2C8F0001BFEF /* main.m in Sources */ = {isa = PBXBuildFile; fileRef = 0C7131BD152E2C8F0001BFEF /* main.m */; };
		0C7131C2152E2C8F0001BFEF /* AppDelegate.m in Sources */ = {isa = PBXBuildFile; fileRef = 0C7131C1152E2C8F0001BFEF /* AppDelegate.m */; };
		0C7131C5152E2C8F0001BFEF /* MasterViewController.m in Sources */ = {isa = PBXBuildFile; fileRef = 0C7131C4152E2C8F0001BFEF /* MasterViewController.m */; };
		0C7131CB152E2C8F0001BFEF /* MasterViewController.xib in Resources */ = {isa = PBXBuildFile; fileRef = 0C7131C9152E2C8F0001BFEF /* MasterViewController.xib */; };
		0C8E761B153343D6000DFFF1 /* Aircraft.png in Resources */ = {isa = PBXBuildFile; fileRef = 0C8E761A153343D6000DFFF1 /* Aircraft.png */; };
		0CDF5F81152F787700C1D2F8 /* AsyncSocket.m in Sources */ = {isa = PBXBuildFile; fileRef = 0CDF5F7E152F787700C1D2F8 /* AsyncSocket.m */; };
		0CDF5F82152F787700C1D2F8 /* AsyncUdpSocket.m in Sources */ = {isa = PBXBuildFile; fileRef = 0CDF5F80152F787700C1D2F8 /* AsyncUdpSocket.m */; };
		0CDF5F89152F78B000C1D2F8 /* CFNetwork.framework in Frameworks */ = {isa = PBXBuildFile; fileRef = 0CDF5F88152F78B000C1D2F8 /* CFNetwork.framework */; };
		0CDF5F91152F819000C1D2F8 /* PlayViewController.m in Sources */ = {isa = PBXBuildFile; fileRef = 0CDF5F8F152F819000C1D2F8 /* PlayViewController.m */; };
		0CDF5F92152F819000C1D2F8 /* PlayViewController.xib in Resources */ = {isa = PBXBuildFile; fileRef = 0CDF5F90152F819000C1D2F8 /* PlayViewController.xib */; };
		0CE463A31531239B0039FE63 /* blueSky.png in Resources */ = {isa = PBXBuildFile; fileRef = 0CE463A11531239B0039FE63 /* blueSky.png */; };
		0CE463A41531239B0039FE63 /* blueSky@2x.png in Resources */ = {isa = PBXBuildFile; fileRef = 0CE463A21531239B0039FE63 /* blueSky@2x.png */; };
		0CE884DB152E3601003EAFEA /* CTransmissionStructure.m in Sources */ = {isa = PBXBuildFile; fileRef = 0CE884DA152E3601003EAFEA /* CTransmissionStructure.m */; };
		0CE884F7152E377E003EAFEA /* NSObject+SBJson.m in Sources */ = {isa = PBXBuildFile; fileRef = 0CE884DF152E377E003EAFEA /* NSObject+SBJson.m */; };
		0CE884F8152E377E003EAFEA /* SBJsonParser.m in Sources */ = {isa = PBXBuildFile; fileRef = 0CE884E2152E377E003EAFEA /* SBJsonParser.m */; };
		0CE884F9152E377E003EAFEA /* SBJsonStreamParser.m in Sources */ = {isa = PBXBuildFile; fileRef = 0CE884E4152E377E003EAFEA /* SBJsonStreamParser.m */; };
		0CE884FA152E377E003EAFEA /* SBJsonStreamParserAccumulator.m in Sources */ = {isa = PBXBuildFile; fileRef = 0CE884E6152E377E003EAFEA /* SBJsonStreamParserAccumulator.m */; };
		0CE884FB152E377E003EAFEA /* SBJsonStreamParserAdapter.m in Sources */ = {isa = PBXBuildFile; fileRef = 0CE884E8152E377E003EAFEA /* SBJsonStreamParserAdapter.m */; };
		0CE884FC152E377E003EAFEA /* SBJsonStreamParserState.m in Sources */ = {isa = PBXBuildFile; fileRef = 0CE884EA152E377E003EAFEA /* SBJsonStreamParserState.m */; };
		0CE884FD152E377E003EAFEA /* SBJsonStreamWriter.m in Sources */ = {isa = PBXBuildFile; fileRef = 0CE884EC152E377E003EAFEA /* SBJsonStreamWriter.m */; };
		0CE884FE152E377E003EAFEA /* SBJsonStreamWriterAccumulator.m in Sources */ = {isa = PBXBuildFile; fileRef = 0CE884EE152E377E003EAFEA /* SBJsonStreamWriterAccumulator.m */; };
		0CE884FF152E377E003EAFEA /* SBJsonStreamWriterState.m in Sources */ = {isa = PBXBuildFile; fileRef = 0CE884F0152E377E003EAFEA /* SBJsonStreamWriterState.m */; };
		0CE88500152E377E003EAFEA /* SBJsonTokeniser.m in Sources */ = {isa = PBXBuildFile; fileRef = 0CE884F2152E377E003EAFEA /* SBJsonTokeniser.m */; };
		0CE88501152E377E003EAFEA /* SBJsonUTF8Stream.m in Sources */ = {isa = PBXBuildFile; fileRef = 0CE884F4152E377E003EAFEA /* SBJsonUTF8Stream.m */; };
		0CE88502152E377E003EAFEA /* SBJsonWriter.m in Sources */ = {isa = PBXBuildFile; fileRef = 0CE884F6152E377E003EAFEA /* SBJsonWriter.m */; };
		0CE88517152E3F41003EAFEA /* CSocketConnection.m in Sources */ = {isa = PBXBuildFile; fileRef = 0CE88516152E3F41003EAFEA /* CSocketConnection.m */; };
/* End PBXBuildFile section */

/* Begin PBXFileReference section */
		0C6C1E4F15363D2A00F9ECF9 /* UIView_BattleField.h */ = {isa = PBXFileReference; fileEncoding = 4; lastKnownFileType = sourcecode.c.h; path = UIView_BattleField.h; sourceTree = "<group>"; };
		0C6C1E5015363D2A00F9ECF9 /* UIView_BattleField.m */ = {isa = PBXFileReference; fileEncoding = 4; lastKnownFileType = sourcecode.c.objc; path = UIView_BattleField.m; sourceTree = "<group>"; };
		0C70400A1532365B00B7F91F /* TapDetectingImageView.h */ = {isa = PBXFileReference; fileEncoding = 4; lastKnownFileType = sourcecode.c.h; name = TapDetectingImageView.h; path = ../TapDetectingImageView.h; sourceTree = "<group>"; };
		0C70400B1532365B00B7F91F /* TapDetectingImageView.m */ = {isa = PBXFileReference; fileEncoding = 4; lastKnownFileType = sourcecode.c.objc; name = TapDetectingImageView.m; path = ../TapDetectingImageView.m; sourceTree = "<group>"; };
		0C7131AD152E2C8F0001BFEF /* Aircraft.app */ = {isa = PBXFileReference; explicitFileType = wrapper.application; includeInIndex = 0; path = Aircraft.app; sourceTree = BUILT_PRODUCTS_DIR; };
		0C7131B1152E2C8F0001BFEF /* UIKit.framework */ = {isa = PBXFileReference; lastKnownFileType = wrapper.framework; name = UIKit.framework; path = System/Library/Frameworks/UIKit.framework; sourceTree = SDKROOT; };
		0C7131B3152E2C8F0001BFEF /* Foundation.framework */ = {isa = PBXFileReference; lastKnownFileType = wrapper.framework; name = Foundation.framework; path = System/Library/Frameworks/Foundation.framework; sourceTree = SDKROOT; };
		0C7131B5152E2C8F0001BFEF /* CoreGraphics.framework */ = {isa = PBXFileReference; lastKnownFileType = wrapper.framework; name = CoreGraphics.framework; path = System/Library/Frameworks/CoreGraphics.framework; sourceTree = SDKROOT; };
		0C7131B9152E2C8F0001BFEF /* Aircraft-Info.plist */ = {isa = PBXFileReference; lastKnownFileType = text.plist.xml; path = "Aircraft-Info.plist"; sourceTree = "<group>"; };
		0C7131BB152E2C8F0001BFEF /* en */ = {isa = PBXFileReference; lastKnownFileType = text.plist.strings; name = en; path = en.lproj/InfoPlist.strings; sourceTree = "<group>"; };
		0C7131BD152E2C8F0001BFEF /* main.m */ = {isa = PBXFileReference; lastKnownFileType = sourcecode.c.objc; path = main.m; sourceTree = "<group>"; };
		0C7131BF152E2C8F0001BFEF /* Aircraft-Prefix.pch */ = {isa = PBXFileReference; lastKnownFileType = sourcecode.c.h; path = "Aircraft-Prefix.pch"; sourceTree = "<group>"; };
		0C7131C0152E2C8F0001BFEF /* AppDelegate.h */ = {isa = PBXFileReference; lastKnownFileType = sourcecode.c.h; path = AppDelegate.h; sourceTree = "<group>"; };
		0C7131C1152E2C8F0001BFEF /* AppDelegate.m */ = {isa = PBXFileReference; lastKnownFileType = sourcecode.c.objc; path = AppDelegate.m; sourceTree = "<group>"; };
		0C7131C3152E2C8F0001BFEF /* MasterViewController.h */ = {isa = PBXFileReference; lastKnownFileType = sourcecode.c.h; path = MasterViewController.h; sourceTree = "<group>"; };
		0C7131C4152E2C8F0001BFEF /* MasterViewController.m */ = {isa = PBXFileReference; lastKnownFileType = sourcecode.c.objc; path = MasterViewController.m; sourceTree = "<group>"; };
		0C7131CA152E2C8F0001BFEF /* en */ = {isa = PBXFileReference; lastKnownFileType = file.xib; name = en; path = en.lproj/MasterViewController.xib; sourceTree = "<group>"; };
		0C8E761A153343D6000DFFF1 /* Aircraft.png */ = {isa = PBXFileReference; lastKnownFileType = image.png; path = Aircraft.png; sourceTree = SOURCE_ROOT; };
		0CDF5F7D152F787700C1D2F8 /* AsyncSocket.h */ = {isa = PBXFileReference; fileEncoding = 4; lastKnownFileType = sourcecode.c.h; path = AsyncSocket.h; sourceTree = "<group>"; };
		0CDF5F7E152F787700C1D2F8 /* AsyncSocket.m */ = {isa = PBXFileReference; fileEncoding = 4; lastKnownFileType = sourcecode.c.objc; path = AsyncSocket.m; sourceTree = "<group>"; };
		0CDF5F7F152F787700C1D2F8 /* AsyncUdpSocket.h */ = {isa = PBXFileReference; fileEncoding = 4; lastKnownFileType = sourcecode.c.h; path = AsyncUdpSocket.h; sourceTree = "<group>"; };
		0CDF5F80152F787700C1D2F8 /* AsyncUdpSocket.m */ = {isa = PBXFileReference; fileEncoding = 4; lastKnownFileType = sourcecode.c.objc; path = AsyncUdpSocket.m; sourceTree = "<group>"; };
		0CDF5F88152F78B000C1D2F8 /* CFNetwork.framework */ = {isa = PBXFileReference; lastKnownFileType = wrapper.framework; name = CFNetwork.framework; path = System/Library/Frameworks/CFNetwork.framework; sourceTree = SDKROOT; };
		0CDF5F8E152F818F00C1D2F8 /* PlayViewController.h */ = {isa = PBXFileReference; fileEncoding = 4; lastKnownFileType = sourcecode.c.h; path = PlayViewController.h; sourceTree = "<group>"; };
		0CDF5F8F152F819000C1D2F8 /* PlayViewController.m */ = {isa = PBXFileReference; fileEncoding = 4; lastKnownFileType = sourcecode.c.objc; path = PlayViewController.m; sourceTree = "<group>"; };
		0CDF5F90152F819000C1D2F8 /* PlayViewController.xib */ = {isa = PBXFileReference; fileEncoding = 4; lastKnownFileType = file.xib; path = PlayViewController.xib; sourceTree = "<group>"; };
		0CE463A11531239B0039FE63 /* blueSky.png */ = {isa = PBXFileReference; lastKnownFileType = image.png; name = blueSky.png; path = ../blueSky.png; sourceTree = "<group>"; };
		0CE463A21531239B0039FE63 /* blueSky@2x.png */ = {isa = PBXFileReference; lastKnownFileType = image.png; name = "blueSky@2x.png"; path = "../blueSky@2x.png"; sourceTree = "<group>"; };
		0CE884D9152E3601003EAFEA /* CTransmissionStructure.h */ = {isa = PBXFileReference; fileEncoding = 4; lastKnownFileType = sourcecode.c.h; path = CTransmissionStructure.h; sourceTree = "<group>"; };
		0CE884DA152E3601003EAFEA /* CTransmissionStructure.m */ = {isa = PBXFileReference; fileEncoding = 4; lastKnownFileType = sourcecode.c.objc; path = CTransmissionStructure.m; sourceTree = "<group>"; };
		0CE884DE152E377E003EAFEA /* NSObject+SBJson.h */ = {isa = PBXFileReference; fileEncoding = 4; lastKnownFileType = sourcecode.c.h; path = "NSObject+SBJson.h"; sourceTree = "<group>"; };
		0CE884DF152E377E003EAFEA /* NSObject+SBJson.m */ = {isa = PBXFileReference; fileEncoding = 4; lastKnownFileType = sourcecode.c.objc; path = "NSObject+SBJson.m"; sourceTree = "<group>"; };
		0CE884E0152E377E003EAFEA /* SBJson.h */ = {isa = PBXFileReference; fileEncoding = 4; lastKnownFileType = sourcecode.c.h; path = SBJson.h; sourceTree = "<group>"; };
		0CE884E1152E377E003EAFEA /* SBJsonParser.h */ = {isa = PBXFileReference; fileEncoding = 4; lastKnownFileType = sourcecode.c.h; path = SBJsonParser.h; sourceTree = "<group>"; };
		0CE884E2152E377E003EAFEA /* SBJsonParser.m */ = {isa = PBXFileReference; fileEncoding = 4; lastKnownFileType = sourcecode.c.objc; path = SBJsonParser.m; sourceTree = "<group>"; };
		0CE884E3152E377E003EAFEA /* SBJsonStreamParser.h */ = {isa = PBXFileReference; fileEncoding = 4; lastKnownFileType = sourcecode.c.h; path = SBJsonStreamParser.h; sourceTree = "<group>"; };
		0CE884E4152E377E003EAFEA /* SBJsonStreamParser.m */ = {isa = PBXFileReference; fileEncoding = 4; lastKnownFileType = sourcecode.c.objc; path = SBJsonStreamParser.m; sourceTree = "<group>"; };
		0CE884E5152E377E003EAFEA /* SBJsonStreamParserAccumulator.h */ = {isa = PBXFileReference; fileEncoding = 4; lastKnownFileType = sourcecode.c.h; path = SBJsonStreamParserAccumulator.h; sourceTree = "<group>"; };
		0CE884E6152E377E003EAFEA /* SBJsonStreamParserAccumulator.m */ = {isa = PBXFileReference; fileEncoding = 4; lastKnownFileType = sourcecode.c.objc; path = SBJsonStreamParserAccumulator.m; sourceTree = "<group>"; };
		0CE884E7152E377E003EAFEA /* SBJsonStreamParserAdapter.h */ = {isa = PBXFileReference; fileEncoding = 4; lastKnownFileType = sourcecode.c.h; path = SBJsonStreamParserAdapter.h; sourceTree = "<group>"; };
		0CE884E8152E377E003EAFEA /* SBJsonStreamParserAdapter.m */ = {isa = PBXFileReference; fileEncoding = 4; lastKnownFileType = sourcecode.c.objc; path = SBJsonStreamParserAdapter.m; sourceTree = "<group>"; };
		0CE884E9152E377E003EAFEA /* SBJsonStreamParserState.h */ = {isa = PBXFileReference; fileEncoding = 4; lastKnownFileType = sourcecode.c.h; path = SBJsonStreamParserState.h; sourceTree = "<group>"; };
		0CE884EA152E377E003EAFEA /* SBJsonStreamParserState.m */ = {isa = PBXFileReference; fileEncoding = 4; lastKnownFileType = sourcecode.c.objc; path = SBJsonStreamParserState.m; sourceTree = "<group>"; };
		0CE884EB152E377E003EAFEA /* SBJsonStreamWriter.h */ = {isa = PBXFileReference; fileEncoding = 4; lastKnownFileType = sourcecode.c.h; path = SBJsonStreamWriter.h; sourceTree = "<group>"; };
		0CE884EC152E377E003EAFEA /* SBJsonStreamWriter.m */ = {isa = PBXFileReference; fileEncoding = 4; lastKnownFileType = sourcecode.c.objc; path = SBJsonStreamWriter.m; sourceTree = "<group>"; };
		0CE884ED152E377E003EAFEA /* SBJsonStreamWriterAccumulator.h */ = {isa = PBXFileReference; fileEncoding = 4; lastKnownFileType = sourcecode.c.h; path = SBJsonStreamWriterAccumulator.h; sourceTree = "<group>"; };
		0CE884EE152E377E003EAFEA /* SBJsonStreamWriterAccumulator.m */ = {isa = PBXFileReference; fileEncoding = 4; lastKnownFileType = sourcecode.c.objc; path = SBJsonStreamWriterAccumulator.m; sourceTree = "<group>"; };
		0CE884EF152E377E003EAFEA /* SBJsonStreamWriterState.h */ = {isa = PBXFileReference; fileEncoding = 4; lastKnownFileType = sourcecode.c.h; path = SBJsonStreamWriterState.h; sourceTree = "<group>"; };
		0CE884F0152E377E003EAFEA /* SBJsonStreamWriterState.m */ = {isa = PBXFileReference; fileEncoding = 4; lastKnownFileType = sourcecode.c.objc; path = SBJsonStreamWriterState.m; sourceTree = "<group>"; };
		0CE884F1152E377E003EAFEA /* SBJsonTokeniser.h */ = {isa = PBXFileReference; fileEncoding = 4; lastKnownFileType = sourcecode.c.h; path = SBJsonTokeniser.h; sourceTree = "<group>"; };
		0CE884F2152E377E003EAFEA /* SBJsonTokeniser.m */ = {isa = PBXFileReference; fileEncoding = 4; lastKnownFileType = sourcecode.c.objc; path = SBJsonTokeniser.m; sourceTree = "<group>"; };
		0CE884F3152E377E003EAFEA /* SBJsonUTF8Stream.h */ = {isa = PBXFileReference; fileEncoding = 4; lastKnownFileType = sourcecode.c.h; path = SBJsonUTF8Stream.h; sourceTree = "<group>"; };
		0CE884F4152E377E003EAFEA /* SBJsonUTF8Stream.m */ = {isa = PBXFileReference; fileEncoding = 4; lastKnownFileType = sourcecode.c.objc; path = SBJsonUTF8Stream.m; sourceTree = "<group>"; };
		0CE884F5152E377E003EAFEA /* SBJsonWriter.h */ = {isa = PBXFileReference; fileEncoding = 4; lastKnownFileType = sourcecode.c.h; path = SBJsonWriter.h; sourceTree = "<group>"; };
		0CE884F6152E377E003EAFEA /* SBJsonWriter.m */ = {isa = PBXFileReference; fileEncoding = 4; lastKnownFileType = sourcecode.c.objc; path = SBJsonWriter.m; sourceTree = "<group>"; };
		0CE88515152E3F41003EAFEA /* CSocketConnection.h */ = {isa = PBXFileReference; fileEncoding = 4; lastKnownFileType = sourcecode.c.h; path = CSocketConnection.h; sourceTree = "<group>"; };
		0CE88516152E3F41003EAFEA /* CSocketConnection.m */ = {isa = PBXFileReference; fileEncoding = 4; lastKnownFileType = sourcecode.c.objc; path = CSocketConnection.m; sourceTree = "<group>"; };
/* End PBXFileReference section */

/* Begin PBXFrameworksBuildPhase section */
		0C7131AA152E2C8F0001BFEF /* Frameworks */ = {
			isa = PBXFrameworksBuildPhase;
			buildActionMask = 2147483647;
			files = (
				0CDF5F89152F78B000C1D2F8 /* CFNetwork.framework in Frameworks */,
				0C7131B2152E2C8F0001BFEF /* UIKit.framework in Frameworks */,
				0C7131B4152E2C8F0001BFEF /* Foundation.framework in Frameworks */,
				0C7131B6152E2C8F0001BFEF /* CoreGraphics.framework in Frameworks */,
			);
			runOnlyForDeploymentPostprocessing = 0;
		};
/* End PBXFrameworksBuildPhase section */

/* Begin PBXGroup section */
		0C711A241533473F00D2020B /* Images */ = {
			isa = PBXGroup;
			children = (
				0CE463A11531239B0039FE63 /* blueSky.png */,
				0CE463A21531239B0039FE63 /* blueSky@2x.png */,
				0C8E761A153343D6000DFFF1 /* Aircraft.png */,
			);
			name = Images;
			sourceTree = "<group>";
		};
		0C7131A2152E2C8E0001BFEF = {
			isa = PBXGroup;
			children = (
				0C7131B7152E2C8F0001BFEF /* Aircraft */,
				0C7131B0152E2C8F0001BFEF /* Frameworks */,
				0C7131AE152E2C8F0001BFEF /* Products */,
			);
			sourceTree = "<group>";
		};
		0C7131AE152E2C8F0001BFEF /* Products */ = {
			isa = PBXGroup;
			children = (
				0C7131AD152E2C8F0001BFEF /* Aircraft.app */,
			);
			name = Products;
			sourceTree = "<group>";
		};
		0C7131B0152E2C8F0001BFEF /* Frameworks */ = {
			isa = PBXGroup;
			children = (
				0CDF5F88152F78B000C1D2F8 /* CFNetwork.framework */,
				0C7131B1152E2C8F0001BFEF /* UIKit.framework */,
				0C7131B3152E2C8F0001BFEF /* Foundation.framework */,
				0C7131B5152E2C8F0001BFEF /* CoreGraphics.framework */,
			);
			name = Frameworks;
			sourceTree = "<group>";
		};
		0C7131B7152E2C8F0001BFEF /* Aircraft */ = {
			isa = PBXGroup;
			children = (
				0C711A241533473F00D2020B /* Images */,
				0CE884DC152E36CD003EAFEA /* SBJSON */,
				0CE884D8152E356F003EAFEA /* NetTransmission */,
				0C7131C0152E2C8F0001BFEF /* AppDelegate.h */,
				0C7131C1152E2C8F0001BFEF /* AppDelegate.m */,
				0C7131C3152E2C8F0001BFEF /* MasterViewController.h */,
				0C7131C4152E2C8F0001BFEF /* MasterViewController.m */,
				0C7131C9152E2C8F0001BFEF /* MasterViewController.xib */,
				0C6C1E4F15363D2A00F9ECF9 /* UIView_BattleField.h */,
				0C6C1E5015363D2A00F9ECF9 /* UIView_BattleField.m */,
				0CDF5F8E152F818F00C1D2F8 /* PlayViewController.h */,
				0CDF5F8F152F819000C1D2F8 /* PlayViewController.m */,
				0CDF5F90152F819000C1D2F8 /* PlayViewController.xib */,
				0C70400A1532365B00B7F91F /* TapDetectingImageView.h */,
				0C70400B1532365B00B7F91F /* TapDetectingImageView.m */,
				0C7131B8152E2C8F0001BFEF /* Supporting Files */,
			);
			path = Aircraft;
			sourceTree = "<group>";
		};
		0C7131B8152E2C8F0001BFEF /* Supporting Files */ = {
			isa = PBXGroup;
			children = (
				0C7131B9152E2C8F0001BFEF /* Aircraft-Info.plist */,
				0C7131BA152E2C8F0001BFEF /* InfoPlist.strings */,
				0C7131BD152E2C8F0001BFEF /* main.m */,
				0C7131BF152E2C8F0001BFEF /* Aircraft-Prefix.pch */,
			);
			name = "Supporting Files";
			sourceTree = "<group>";
		};
		0CE884D8152E356F003EAFEA /* NetTransmission */ = {
			isa = PBXGroup;
			children = (
				0CE88514152E3F12003EAFEA /* CTransmissionStructure */,
				0CE88513152E3EE6003EAFEA /* SocketConnection */,
			);
			name = NetTransmission;
			sourceTree = "<group>";
		};
		0CE884DC152E36CD003EAFEA /* SBJSON */ = {
			isa = PBXGroup;
			children = (
				0CE884DD152E377E003EAFEA /* Classes */,
			);
			name = SBJSON;
			sourceTree = "<group>";
		};
		0CE884DD152E377E003EAFEA /* Classes */ = {
			isa = PBXGroup;
			children = (
				0CE884DE152E377E003EAFEA /* NSObject+SBJson.h */,
				0CE884DF152E377E003EAFEA /* NSObject+SBJson.m */,
				0CE884E0152E377E003EAFEA /* SBJson.h */,
				0CE884E1152E377E003EAFEA /* SBJsonParser.h */,
				0CE884E2152E377E003EAFEA /* SBJsonParser.m */,
				0CE884E3152E377E003EAFEA /* SBJsonStreamParser.h */,
				0CE884E4152E377E003EAFEA /* SBJsonStreamParser.m */,
				0CE884E5152E377E003EAFEA /* SBJsonStreamParserAccumulator.h */,
				0CE884E6152E377E003EAFEA /* SBJsonStreamParserAccumulator.m */,
				0CE884E7152E377E003EAFEA /* SBJsonStreamParserAdapter.h */,
				0CE884E8152E377E003EAFEA /* SBJsonStreamParserAdapter.m */,
				0CE884E9152E377E003EAFEA /* SBJsonStreamParserState.h */,
				0CE884EA152E377E003EAFEA /* SBJsonStreamParserState.m */,
				0CE884EB152E377E003EAFEA /* SBJsonStreamWriter.h */,
				0CE884EC152E377E003EAFEA /* SBJsonStreamWriter.m */,
				0CE884ED152E377E003EAFEA /* SBJsonStreamWriterAccumulator.h */,
				0CE884EE152E377E003EAFEA /* SBJsonStreamWriterAccumulator.m */,
				0CE884EF152E377E003EAFEA /* SBJsonStreamWriterState.h */,
				0CE884F0152E377E003EAFEA /* SBJsonStreamWriterState.m */,
				0CE884F1152E377E003EAFEA /* SBJsonTokeniser.h */,
				0CE884F2152E377E003EAFEA /* SBJsonTokeniser.m */,
				0CE884F3152E377E003EAFEA /* SBJsonUTF8Stream.h */,
				0CE884F4152E377E003EAFEA /* SBJsonUTF8Stream.m */,
				0CE884F5152E377E003EAFEA /* SBJsonWriter.h */,
				0CE884F6152E377E003EAFEA /* SBJsonWriter.m */,
			);
			path = Classes;
			sourceTree = "<group>";
		};
		0CE88513152E3EE6003EAFEA /* SocketConnection */ = {
			isa = PBXGroup;
			children = (
				0CDF5F7D152F787700C1D2F8 /* AsyncSocket.h */,
				0CDF5F7E152F787700C1D2F8 /* AsyncSocket.m */,
				0CDF5F7F152F787700C1D2F8 /* AsyncUdpSocket.h */,
				0CDF5F80152F787700C1D2F8 /* AsyncUdpSocket.m */,
				0CE88515152E3F41003EAFEA /* CSocketConnection.h */,
				0CE88516152E3F41003EAFEA /* CSocketConnection.m */,
			);
			name = SocketConnection;
			sourceTree = "<group>";
		};
		0CE88514152E3F12003EAFEA /* CTransmissionStructure */ = {
			isa = PBXGroup;
			children = (
				0CE884D9152E3601003EAFEA /* CTransmissionStructure.h */,
				0CE884DA152E3601003EAFEA /* CTransmissionStructure.m */,
			);
			name = CTransmissionStructure;
			sourceTree = "<group>";
		};
/* End PBXGroup section */

/* Begin PBXNativeTarget section */
		0C7131AC152E2C8F0001BFEF /* Aircraft */ = {
			isa = PBXNativeTarget;
			buildConfigurationList = 0C7131D1152E2C8F0001BFEF /* Build configuration list for PBXNativeTarget "Aircraft" */;
			buildPhases = (
				0C7131A9152E2C8F0001BFEF /* Sources */,
				0C7131AA152E2C8F0001BFEF /* Frameworks */,
				0C7131AB152E2C8F0001BFEF /* Resources */,
			);
			buildRules = (
			);
			dependencies = (
			);
			name = Aircraft;
			productName = Aircraft;
			productReference = 0C7131AD152E2C8F0001BFEF /* Aircraft.app */;
			productType = "com.apple.product-type.application";
		};
/* End PBXNativeTarget section */

/* Begin PBXProject section */
		0C7131A4152E2C8E0001BFEF /* Project object */ = {
			isa = PBXProject;
			attributes = {
				LastUpgradeCheck = 0420;
				ORGANIZATIONNAME = UB;
			};
			buildConfigurationList = 0C7131A7152E2C8E0001BFEF /* Build configuration list for PBXProject "Aircraft" */;
			compatibilityVersion = "Xcode 3.2";
			developmentRegion = English;
			hasScannedForEncodings = 0;
			knownRegions = (
				en,
			);
			mainGroup = 0C7131A2152E2C8E0001BFEF;
			productRefGroup = 0C7131AE152E2C8F0001BFEF /* Products */;
			projectDirPath = "";
			projectRoot = "";
			targets = (
				0C7131AC152E2C8F0001BFEF /* Aircraft */,
			);
		};
/* End PBXProject section */

/* Begin PBXResourcesBuildPhase section */
		0C7131AB152E2C8F0001BFEF /* Resources */ = {
			isa = PBXResourcesBuildPhase;
			buildActionMask = 2147483647;
			files = (
				0C7131BC152E2C8F0001BFEF /* InfoPlist.strings in Resources */,
				0C7131CB152E2C8F0001BFEF /* MasterViewController.xib in Resources */,
				0CDF5F92152F819000C1D2F8 /* PlayViewController.xib in Resources */,
				0CE463A31531239B0039FE63 /* blueSky.png in Resources */,
				0CE463A41531239B0039FE63 /* blueSky@2x.png in Resources */,
				0C8E761B153343D6000DFFF1 /* Aircraft.png in Resources */,
			);
			runOnlyForDeploymentPostprocessing = 0;
		};
/* End PBXResourcesBuildPhase section */

/* Begin PBXSourcesBuildPhase section */
		0C7131A9152E2C8F0001BFEF /* Sources */ = {
			isa = PBXSourcesBuildPhase;
			buildActionMask = 2147483647;
			files = (
				0C7131BE152E2C8F0001BFEF /* main.m in Sources */,
				0C7131C2152E2C8F0001BFEF /* AppDelegate.m in Sources */,
				0C7131C5152E2C8F0001BFEF /* MasterViewController.m in Sources */,
				0CE884DB152E3601003EAFEA /* CTransmissionStructure.m in Sources */,
				0CE884F7152E377E003EAFEA /* NSObject+SBJson.m in Sources */,
				0CE884F8152E377E003EAFEA /* SBJsonParser.m in Sources */,
				0CE884F9152E377E003EAFEA /* SBJsonStreamParser.m in Sources */,
				0CE884FA152E377E003EAFEA /* SBJsonStreamParserAccumulator.m in Sources */,
				0CE884FB152E377E003EAFEA /* SBJsonStreamParserAdapter.m in Sources */,
				0CE884FC152E377E003EAFEA /* SBJsonStreamParserState.m in Sources */,
				0CE884FD152E377E003EAFEA /* SBJsonStreamWriter.m in Sources */,
				0CE884FE152E377E003EAFEA /* SBJsonStreamWriterAccumulator.m in Sources */,
				0CE884FF152E377E003EAFEA /* SBJsonStreamWriterState.m in Sources */,
				0CE88500152E377E003EAFEA /* SBJsonTokeniser.m in Sources */,
				0CE88501152E377E003EAFEA /* SBJsonUTF8Stream.m in Sources */,
				0CE88502152E377E003EAFEA /* SBJsonWriter.m in Sources */,
				0CE88517152E3F41003EAFEA /* CSocketConnection.m in Sources */,
				0CDF5F81152F787700C1D2F8 /* AsyncSocket.m in Sources */,
				0CDF5F82152F787700C1D2F8 /* AsyncUdpSocket.m in Sources */,
				0CDF5F91152F819000C1D2F8 /* PlayViewController.m in Sources */,
				0C70400C1532365B00B7F91F /* TapDetectingImageView.m in Sources */,
				0C6C1E5115363D2A00F9ECF9 /* UIView_BattleField.m in Sources */,
			);
			runOnlyForDeploymentPostprocessing = 0;
		};
/* End PBXSourcesBuildPhase section */

/* Begin PBXVariantGroup section */
		0C7131BA152E2C8F0001BFEF /* InfoPlist.strings */ = {
			isa = PBXVariantGroup;
			children = (
				0C7131BB152E2C8F0001BFEF /* en */,
			);
			name = InfoPlist.strings;
			sourceTree = "<group>";
		};
		0C7131C9152E2C8F0001BFEF /* MasterViewController.xib */ = {
			isa = PBXVariantGroup;
			children = (
				0C7131CA152E2C8F0001BFEF /* en */,
			);
			name = MasterViewController.xib;
			sourceTree = "<group>";
		};
/* End PBXVariantGroup section */

/* Begin XCBuildConfiguration section */
		0C7131CF152E2C8F0001BFEF /* Debug */ = {
			isa = XCBuildConfiguration;
			buildSettings = {
				ALWAYS_SEARCH_USER_PATHS = NO;
				ARCHS = "$(ARCHS_STANDARD_32_BIT)";
				CLANG_ENABLE_OBJC_ARC = YES;
				"CODE_SIGN_IDENTITY[sdk=iphoneos*]" = "iPhone Developer";
				COPY_PHASE_STRIP = NO;
				GCC_C_LANGUAGE_STANDARD = gnu99;
				GCC_DYNAMIC_NO_PIC = NO;
				GCC_OPTIMIZATION_LEVEL = 0;
				GCC_PREPROCESSOR_DEFINITIONS = (
					"DEBUG=1",
					"$(inherited)",
				);
				GCC_SYMBOLS_PRIVATE_EXTERN = NO;
				GCC_VERSION = com.apple.compilers.llvm.clang.1_0;
				GCC_WARN_ABOUT_MISSING_PROTOTYPES = YES;
				GCC_WARN_ABOUT_RETURN_TYPE = YES;
				GCC_WARN_UNUSED_VARIABLE = YES;
				IPHONEOS_DEPLOYMENT_TARGET = 5.0;
				SDKROOT = iphoneos;
			};
			name = Debug;
		};
		0C7131D0152E2C8F0001BFEF /* Release */ = {
			isa = XCBuildConfiguration;
			buildSettings = {
				ALWAYS_SEARCH_USER_PATHS = NO;
				ARCHS = "$(ARCHS_STANDARD_32_BIT)";
				CLANG_ENABLE_OBJC_ARC = YES;
				"CODE_SIGN_IDENTITY[sdk=iphoneos*]" = "iPhone Developer";
				COPY_PHASE_STRIP = YES;
				GCC_C_LANGUAGE_STANDARD = gnu99;
				GCC_VERSION = com.apple.compilers.llvm.clang.1_0;
				GCC_WARN_ABOUT_MISSING_PROTOTYPES = YES;
				GCC_WARN_ABOUT_RETURN_TYPE = YES;
				GCC_WARN_UNUSED_VARIABLE = YES;
				IPHONEOS_DEPLOYMENT_TARGET = 5.0;
				OTHER_CFLAGS = "-DNS_BLOCK_ASSERTIONS=1";
				SDKROOT = iphoneos;
				VALIDATE_PRODUCT = YES;
			};
			name = Release;
		};
		0C7131D2152E2C8F0001BFEF /* Debug */ = {
			isa = XCBuildConfiguration;
			buildSettings = {
				GCC_PRECOMPILE_PREFIX_HEADER = YES;
				GCC_PREFIX_HEADER = "Aircraft/Aircraft-Prefix.pch";
				INFOPLIST_FILE = "Aircraft/Aircraft-Info.plist";
				PRODUCT_NAME = "$(TARGET_NAME)";
				WRAPPER_EXTENSION = app;
			};
			name = Debug;
		};
		0C7131D3152E2C8F0001BFEF /* Release */ = {
			isa = XCBuildConfiguration;
			buildSettings = {
				GCC_PRECOMPILE_PREFIX_HEADER = YES;
				GCC_PREFIX_HEADER = "Aircraft/Aircraft-Prefix.pch";
				INFOPLIST_FILE = "Aircraft/Aircraft-Info.plist";
				PRODUCT_NAME = "$(TARGET_NAME)";
				WRAPPER_EXTENSION = app;
			};
			name = Release;
		};
/* End XCBuildConfiguration section */

/* Begin XCConfigurationList section */
		0C7131A7152E2C8E0001BFEF /* Build configuration list for PBXProject "Aircraft" */ = {
			isa = XCConfigurationList;
			buildConfigurations = (
				0C7131CF152E2C8F0001BFEF /* Debug */,
				0C7131D0152E2C8F0001BFEF /* Release */,
			);
			defaultConfigurationIsVisible = 0;
			defaultConfigurationName = Release;
		};
		0C7131D1152E2C8F0001BFEF /* Build configuration list for PBXNativeTarget "Aircraft" */ = {
			isa = XCConfigurationList;
			buildConfigurations = (
				0C7131D2152E2C8F0001BFEF /* Debug */,
				0C7131D3152E2C8F0001BFEF /* Release */,
			);
			defaultConfigurationIsVisible = 0;
			defaultConfigurationName = Release;
		};
/* End XCConfigurationList section */
	};
	rootObject = 0C7131A4152E2C8E0001BFEF /* Project object */;
}
